{
  "requires": true,
  "lockfileVersion": 1,
  "dependencies": {
    "vue-material-design-icons": {
      "version": "4.4.0",
      "resolved": "https://registry.npmjs.org/vue-material-design-icons/-/vue-material-design-icons-4.4.0.tgz",
      "integrity": "sha512-5SkO9ijY2jIjVmypliBWBMUB6i4ovbX2BwLqSNozRBcY7lb32+GzHrDkumoDwEMOHxe8gO6tIZimOYfBySQ+LQ=="
    }
  }
}
